{
  "name": "libra-test-react-18",
  "version": "0.0.1",
  "lockfileVersion": 2,
  "requires": true,
  "packages": {
    "": {
      "name": "libra-test-react-18",
      "version": "0.0.1",
      "license": "MIT",
      "dependencies": {
        "libra": "file:../../",
        "react": "^18.2.0",
        "react-dom": "^18.2.0"
      }
    },
    "../..": {
      "version": "0.0.1",
      "license": "MIT",
      "dependencies": {
        "@radix-ui/react-select": "^1.0.0",
        "@stitches/react": "^1.2.8",
        "@vitejs/plugin-react": "^2.0.1",
        "classnames": "^2.3.1",
        "commander": "^9.4.0",
        "esbuild": "^0.15.2",
        "fast-glob": "^3.2.11",
        "framecast": "^0.0.4",
        "react-error-boundary": "^3.1.4",
        "react-router-dom": "^6.3.0",
        "vite": "^3.0.7",
        "vite-plugin-inspect": "^0.6.0"
      },
      "bin": {
        "libra": "dist/cli.mjs"
      },
      "devDependencies": {
        "@rollup/plugin-commonjs": "22.0.2",
        "@testing-library/cypress": "^8.0.3",
        "@types/node": "18.7.2",
        "@types/react": "18.0.17",
        "@types/react-dom": "18.0.6",
        "@typescript-eslint/eslint-plugin": "5.35.1",
        "@typescript-eslint/parser": "5.35.1",
        "cypress": "^10.6.0",
        "eslint-config-prettier": "8.5.0",
        "eslint-import-resolver-typescript": "3.5.0",
        "eslint-plugin-import": "2.26.0",
        "react": "18.2.0",
        "react-dom": "18.2.0",
        "rimraf": "3.0.2",
        "rollup": "2.78.1",
        "rollup-plugin-esbuild": "4.10.1",
        "typescript": "4.8.2"
      }
    },
    "node_modules/js-tokens": {
      "version": "4.0.0",
      "resolved": "https://registry.npmjs.org/js-tokens/-/js-tokens-4.0.0.tgz",
      "integrity": "sha512-RdJUflcE3cUzKiMqQgsCu06FPu9UdIJO0beYbPhHN4k6apgJtifcoCtT9bcxOpYBtpD2kCM6Sbzg4CausW/PKQ=="
    },
    "node_modules/libra": {
      "resolved": "../..",
      "link": true
    },
    "node_modules/loose-envify": {
      "version": "1.4.0",
      "resolved": "https://registry.npmjs.org/loose-envify/-/loose-envify-1.4.0.tgz",
      "integrity": "sha512-lyuxPGr/Wfhrlem2CL/UcnUc1zcqKAImBDzukY7Y5F/yQiNdko6+fRLevlw1HgMySw7f611UIY408EtxRSoK3Q==",
      "dependencies": {
        "js-tokens": "^3.0.0 || ^4.0.0"
      },
      "bin": {
        "loose-envify": "cli.js"
      }
    },
    "node_modules/react": {
      "version": "18.2.0",
      "resolved": "https://registry.npmjs.org/react/-/react-18.2.0.tgz",
      "integrity": "sha512-/3IjMdb2L9QbBdWiW5e3P2/npwMBaU9mHCSCUzNln0ZCYbcfTsGbTJrU/kGemdH2IWmB2ioZ+zkxtmq6g09fGQ==",
      "dependencies": {
        "loose-envify": "^1.1.0"
      },
      "engines": {
        "node": ">=0.10.0"
      }
    },
    "node_modules/react-dom": {
      "version": "18.2.0",
      "resolved": "https://registry.npmjs.org/react-dom/-/react-dom-18.2.0.tgz",
      "integrity": "sha512-6IMTriUmvsjHUjNtEDudZfuDQUoWXVxKHhlEGSk81n4YFS+r/Kl99wXiwlVXtPBtJenozv2P+hxDsw9eA7Xo6g==",
      "dependencies": {
        "loose-envify": "^1.1.0",
        "scheduler": "^0.23.0"
      },
      "peerDependencies": {
        "react": "^18.2.0"
      }
    },
    "node_modules/scheduler": {
      "version": "0.23.0",
      "resolved": "https://registry.npmjs.org/scheduler/-/scheduler-0.23.0.tgz",
      "integrity": "sha512-CtuThmgHNg7zIZWAXi3AsyIzA3n4xx7aNyjwC2VJldO2LMVDhFK+63xGqq6CsJH4rTAt6/M+N4GhZiDYPx9eUw==",
      "dependencies": {
        "loose-envify": "^1.1.0"
      }
    }
  },
  "dependencies": {
    "js-tokens": {
      "version": "4.0.0",
      "resolved": "https://registry.npmjs.org/js-tokens/-/js-tokens-4.0.0.tgz",
      "integrity": "sha512-RdJUflcE3cUzKiMqQgsCu06FPu9UdIJO0beYbPhHN4k6apgJtifcoCtT9bcxOpYBtpD2kCM6Sbzg4CausW/PKQ=="
    },
    "libra": {
      "version": "file:../..",
      "requires": {
        "@radix-ui/react-select": "^1.0.0",
        "@rollup/plugin-commonjs": "22.0.2",
        "@stitches/react": "^1.2.8",
        "@testing-library/cypress": "^8.0.3",
        "@types/node": "18.7.2",
        "@types/react": "18.0.17",
        "@types/react-dom": "18.0.6",
        "@typescript-eslint/eslint-plugin": "5.35.1",
        "@typescript-eslint/parser": "5.35.1",
        "@vitejs/plugin-react": "^2.0.1",
        "classnames": "^2.3.1",
        "commander": "^9.4.0",
        "cypress": "^10.6.0",
        "esbuild": "^0.15.2",
        "eslint-config-prettier": "8.5.0",
        "eslint-import-resolver-typescript": "3.5.0",
        "eslint-plugin-import": "2.26.0",
        "fast-glob": "^3.2.11",
        "framecast": "^0.0.4",
        "react": "18.2.0",
        "react-dom": "18.2.0",
        "react-error-boundary": "^3.1.4",
        "react-router-dom": "^6.3.0",
        "rimraf": "3.0.2",
        "rollup": "2.78.1",
        "rollup-plugin-esbuild": "4.10.1",
        "typescript": "4.8.2",
        "vite": "^3.0.7",
        "vite-plugin-inspect": "^0.6.0"
      }
    },
    "loose-envify": {
      "version": "1.4.0",
      "resolved": "https://registry.npmjs.org/loose-envify/-/loose-envify-1.4.0.tgz",
      "integrity": "sha512-lyuxPGr/Wfhrlem2CL/UcnUc1zcqKAImBDzukY7Y5F/yQiNdko6+fRLevlw1HgMySw7f611UIY408EtxRSoK3Q==",
      "requires": {
        "js-tokens": "^3.0.0 || ^4.0.0"
      }
    },
    "react": {
      "version": "18.2.0",
      "resolved": "https://registry.npmjs.org/react/-/react-18.2.0.tgz",
      "integrity": "sha512-/3IjMdb2L9QbBdWiW5e3P2/npwMBaU9mHCSCUzNln0ZCYbcfTsGbTJrU/kGemdH2IWmB2ioZ+zkxtmq6g09fGQ==",
      "requires": {
        "loose-envify": "^1.1.0"
      }
    },
    "react-dom": {
      "version": "18.2.0",
      "resolved": "https://registry.npmjs.org/react-dom/-/react-dom-18.2.0.tgz",
      "integrity": "sha512-6IMTriUmvsjHUjNtEDudZfuDQUoWXVxKHhlEGSk81n4YFS+r/Kl99wXiwlVXtPBtJenozv2P+hxDsw9eA7Xo6g==",
      "requires": {
        "loose-envify": "^1.1.0",
        "scheduler": "^0.23.0"
      }
    },
    "scheduler": {
      "version": "0.23.0",
      "resolved": "https://registry.npmjs.org/scheduler/-/scheduler-0.23.0.tgz",
      "integrity": "sha512-CtuThmgHNg7zIZWAXi3AsyIzA3n4xx7aNyjwC2VJldO2LMVDhFK+63xGqq6CsJH4rTAt6/M+N4GhZiDYPx9eUw==",
      "requires": {
        "loose-envify": "^1.1.0"
      }
    }
  }
}
